
Microsoft Visual Studio Solution File, Format Version 12.00
# Visual Studio 14
VisualStudioVersion = 14.0.25420.1
MinimumVisualStudioVersion = 10.0.40219.1
Project("{FAE04EC0-301F-11D3-BF4B-00C04F79EFBC}") = "Meth_Portal", "Meth_Portal\Meth_Portal.csproj", "{015B8076-9464-4C0C-B41D-631213292474}"
EndProject
Project("{FAE04EC0-301F-11D3-BF4B-00C04F79EFBC}") = "Meth_Data", "Meth_Data\Meth_Data.csproj", "{4BC07219-9794-4FBB-A366-DF50D9B263A8}"
EndProject
Global
	GlobalSection(SolutionConfigurationPlatforms) = preSolution
		Debug|Any CPU = Debug|Any CPU
		Release|Any CPU = Release|Any CPU
	EndGlobalSection
	GlobalSection(ProjectConfigurationPlatforms) = postSolution
		{015B8076-9464-4C0C-B41D-631213292474}.Debug|Any CPU.ActiveCfg = Debug|Any CPU
		{015B8076-9464-4C0C-B41D-631213292474}.Debug|Any CPU.Build.0 = Debug|Any CPU
		{015B8076-9464-4C0C-B41D-631213292474}.Release|Any CPU.ActiveCfg = Release|Any CPU
		{015B8076-9464-4C0C-B41D-631213292474}.Release|Any CPU.Build.0 = Release|Any CPU
		{4BC07219-9794-4FBB-A366-DF50D9B263A8}.Debug|Any CPU.ActiveCfg = Debug|Any CPU
		{4BC07219-9794-4FBB-A366-DF50D9B263A8}.Debug|Any CPU.Build.0 = Debug|Any CPU
		{4BC07219-9794-4FBB-A366-DF50D9B263A8}.Release|Any CPU.ActiveCfg = Release|Any CPU
		{4BC07219-9794-4FBB-A366-DF50D9B263A8}.Release|Any CPU.Build.0 = Release|Any CPU
	EndGlobalSection
	GlobalSection(SolutionProperties) = preSolution
		HideSolutionNode = FALSE
	EndGlobalSection
	GlobalSection(TeamFoundationVersionControl) = preSolution
		SccNumberOfProjects = 3
		SccEnterpriseProvider = {4CA58AB2-18FA-4F8D-95D4-32DDF27D184C}
		SccTeamFoundationServer = https://facultysubjects.visualstudio.com/
		SccLocalPath0 = .
		SccProjectUniqueName1 = Meth_Portal\\Meth_Portal.csproj
		SccProjectName1 = Meth_Portal
		SccLocalPath1 = Meth_Portal
		SccProjectUniqueName2 = Meth_Data\\Meth_Data.csproj
		SccProjectName2 = Meth_Data
		SccLocalPath2 = Meth_Data
	EndGlobalSection
EndGlobal
